// !$*UTF8*$!
{
	archiveVersion = 1;
	classes = {
	};
	objectVersion = 46;
	objects = {

/* Begin PBXBuildFile section */
		1F1732F11B1BFB5F00B4235E /* CBoy0001.tif in Resources */ = {isa = PBXBuildFile; fileRef = 1F1732E71B1BFB5F00B4235E /* CBoy0001.tif */; };
		1F1732F21B1BFB5F00B4235E /* CBoy0002.tif in Resources */ = {isa = PBXBuildFile; fileRef = 1F1732E81B1BFB5F00B4235E /* CBoy0002.tif */; };
		1F1732F31B1BFB5F00B4235E /* CBoy0003.tif in Resources */ = {isa = PBXBuildFile; fileRef = 1F1732E91B1BFB5F00B4235E /* CBoy0003.tif */; };
		1F1732F41B1BFB5F00B4235E /* CBoy0004.tif in Resources */ = {isa = PBXBuildFile; fileRef = 1F1732EA1B1BFB5F00B4235E /* CBoy0004.tif */; };
		1F1732F51B1BFB5F00B4235E /* CBoy0005.tif in Resources */ = {isa = PBXBuildFile; fileRef = 1F1732EB1B1BFB5F00B4235E /* CBoy0005.tif */; };
		1F1732F61B1BFB5F00B4235E /* CGirl0001.tif in Resources */ = {isa = PBXBuildFile; fileRef = 1F1732EC1B1BFB5F00B4235E /* CGirl0001.tif */; };
		1F1732F71B1BFB5F00B4235E /* CGirl0002.tif in Resources */ = {isa = PBXBuildFile; fileRef = 1F1732ED1B1BFB5F00B4235E /* CGirl0002.tif */; };
		1F1732F81B1BFB5F00B4235E /* CGirl0003.tif in Resources */ = {isa = PBXBuildFile; fileRef = 1F1732EE1B1BFB5F00B4235E /* CGirl0003.tif */; };
		1F1732F91B1BFB5F00B4235E /* CWom0016.tif in Resources */ = {isa = PBXBuildFile; fileRef = 1F1732EF1B1BFB5F00B4235E /* CWom0016.tif */; };
		1F1732FA1B1BFB5F00B4235E /* CWom0017.tif in Resources */ = {isa = PBXBuildFile; fileRef = 1F1732F01B1BFB5F00B4235E /* CWom0017.tif */; };
		1F1733031B1BFB8300B4235E /* boy2_Animations.dae in Resources */ = {isa = PBXBuildFile; fileRef = 1F1732FB1B1BFB8300B4235E /* boy2_Animations.dae */; };
		1F1733041B1BFB8300B4235E /* boy3_Animations.dae in Resources */ = {isa = PBXBuildFile; fileRef = 1F1732FC1B1BFB8300B4235E /* boy3_Animations.dae */; };
		1F1733051B1BFB8300B4235E /* boy4_Animations.dae in Resources */ = {isa = PBXBuildFile; fileRef = 1F1732FD1B1BFB8300B4235E /* boy4_Animations.dae */; };
		1F1733061B1BFB8300B4235E /* boy5_Animations.dae in Resources */ = {isa = PBXBuildFile; fileRef = 1F1732FE1B1BFB8300B4235E /* boy5_Animations.dae */; };
		1F1733071B1BFB8300B4235E /* girl2_Animations.dae in Resources */ = {isa = PBXBuildFile; fileRef = 1F1732FF1B1BFB8300B4235E /* girl2_Animations.dae */; };
		1F1733081B1BFB8300B4235E /* girl3_Animations.dae in Resources */ = {isa = PBXBuildFile; fileRef = 1F1733001B1BFB8300B4235E /* girl3_Animations.dae */; };
		1F1733091B1BFB8300B4235E /* woman16_Animations.dae in Resources */ = {isa = PBXBuildFile; fileRef = 1F1733011B1BFB8300B4235E /* woman16_Animations.dae */; };
		1F17330A1B1BFB8300B4235E /* woman17_Animations.dae in Resources */ = {isa = PBXBuildFile; fileRef = 1F1733021B1BFB8300B4235E /* woman17_Animations.dae */; };
		1F18E93C1AF3329E00944E9F /* boy5_Model.dae in Resources */ = {isa = PBXBuildFile; fileRef = 1F18E93B1AF3329E00944E9F /* boy5_Model.dae */; };
		1F18E9421AF44CCC00944E9F /* girl2_Model.dae in Resources */ = {isa = PBXBuildFile; fileRef = 1F18E9411AF44CCC00944E9F /* girl2_Model.dae */; };
		1F254EEF1AF31893003DF14D /* boy4_Model.dae in Resources */ = {isa = PBXBuildFile; fileRef = 1F254EEE1AF31893003DF14D /* boy4_Model.dae */; };
		1F2847621B161B2D00E0BB79 /* CH01_gym.jpg in Resources */ = {isa = PBXBuildFile; fileRef = 1F28474E1B161B2D00E0BB79 /* CH01_gym.jpg */; };
		1F2847631B161B2D00E0BB79 /* CH01.jpg in Resources */ = {isa = PBXBuildFile; fileRef = 1F28474F1B161B2D00E0BB79 /* CH01.jpg */; };
		1F2847641B161B2D00E0BB79 /* CH02_gym.jpg in Resources */ = {isa = PBXBuildFile; fileRef = 1F2847501B161B2D00E0BB79 /* CH02_gym.jpg */; };
		1F2847651B161B2D00E0BB79 /* CH02.jpg in Resources */ = {isa = PBXBuildFile; fileRef = 1F2847511B161B2D00E0BB79 /* CH02.jpg */; };
		1F2847661B161B2D00E0BB79 /* CH03_gym.jpg in Resources */ = {isa = PBXBuildFile; fileRef = 1F2847521B161B2D00E0BB79 /* CH03_gym.jpg */; };
		1F2847671B161B2D00E0BB79 /* CH03.jpg in Resources */ = {isa = PBXBuildFile; fileRef = 1F2847531B161B2D00E0BB79 /* CH03.jpg */; };
		1F2847681B161B2D00E0BB79 /* CH04_gym.jpg in Resources */ = {isa = PBXBuildFile; fileRef = 1F2847541B161B2D00E0BB79 /* CH04_gym.jpg */; };
		1F2847691B161B2D00E0BB79 /* CH04.jpg in Resources */ = {isa = PBXBuildFile; fileRef = 1F2847551B161B2D00E0BB79 /* CH04.jpg */; };
		1F28476A1B161B2D00E0BB79 /* CH05_gym.jpg in Resources */ = {isa = PBXBuildFile; fileRef = 1F2847561B161B2D00E0BB79 /* CH05_gym.jpg */; };
		1F28476B1B161B2D00E0BB79 /* CH05.jpg in Resources */ = {isa = PBXBuildFile; fileRef = 1F2847571B161B2D00E0BB79 /* CH05.jpg */; };
		1F28476C1B161B2D00E0BB79 /* CH06_gym.jpg in Resources */ = {isa = PBXBuildFile; fileRef = 1F2847581B161B2D00E0BB79 /* CH06_gym.jpg */; };
		1F28476D1B161B2D00E0BB79 /* CH06.jpg in Resources */ = {isa = PBXBuildFile; fileRef = 1F2847591B161B2D00E0BB79 /* CH06.jpg */; };
		1F28476E1B161B2D00E0BB79 /* CH07_gym.jpg in Resources */ = {isa = PBXBuildFile; fileRef = 1F28475A1B161B2D00E0BB79 /* CH07_gym.jpg */; };
		1F28476F1B161B2D00E0BB79 /* CH07.jpg in Resources */ = {isa = PBXBuildFile; fileRef = 1F28475B1B161B2D00E0BB79 /* CH07.jpg */; };
		1F2847701B161B2D00E0BB79 /* CH08_gym.jpg in Resources */ = {isa = PBXBuildFile; fileRef = 1F28475C1B161B2D00E0BB79 /* CH08_gym.jpg */; };
		1F2847711B161B2D00E0BB79 /* CH08.jpg in Resources */ = {isa = PBXBuildFile; fileRef = 1F28475D1B161B2D00E0BB79 /* CH08.jpg */; };
		1F2847721B161B2D00E0BB79 /* CH09_gym.jpg in Resources */ = {isa = PBXBuildFile; fileRef = 1F28475E1B161B2D00E0BB79 /* CH09_gym.jpg */; };
		1F2847731B161B2D00E0BB79 /* CH09.jpg in Resources */ = {isa = PBXBuildFile; fileRef = 1F28475F1B161B2D00E0BB79 /* CH09.jpg */; };
		1F2847741B161B2D00E0BB79 /* CH10_gym.jpg in Resources */ = {isa = PBXBuildFile; fileRef = 1F2847601B161B2D00E0BB79 /* CH10_gym.jpg */; };
		1F2847751B161B2D00E0BB79 /* CH10.jpg in Resources */ = {isa = PBXBuildFile; fileRef = 1F2847611B161B2D00E0BB79 /* CH10.jpg */; };
		1F28477B1B1623BF00E0BB79 /* CH01_Model.dae in Resources */ = {isa = PBXBuildFile; fileRef = 1F28477A1B1623BF00E0BB79 /* CH01_Model.dae */; };
		1F2847851B1623D700E0BB79 /* CH02_Model.dae in Resources */ = {isa = PBXBuildFile; fileRef = 1F28477C1B1623D700E0BB79 /* CH02_Model.dae */; };
		1F2847861B1623D700E0BB79 /* CH03_Model.dae in Resources */ = {isa = PBXBuildFile; fileRef = 1F28477D1B1623D700E0BB79 /* CH03_Model.dae */; };
		1F2847871B1623D700E0BB79 /* CH04_Model.dae in Resources */ = {isa = PBXBuildFile; fileRef = 1F28477E1B1623D700E0BB79 /* CH04_Model.dae */; };
		1F2847881B1623D700E0BB79 /* CH05_Model.dae in Resources */ = {isa = PBXBuildFile; fileRef = 1F28477F1B1623D700E0BB79 /* CH05_Model.dae */; };
		1F2847931B1625BD00E0BB79 /* CH06_Model.dae in Resources */ = {isa = PBXBuildFile; fileRef = 1F28478E1B1625BC00E0BB79 /* CH06_Model.dae */; };
		1F2847951B1625BD00E0BB79 /* CH08_Model.dae in Resources */ = {isa = PBXBuildFile; fileRef = 1F2847901B1625BD00E0BB79 /* CH08_Model.dae */; };
		1F2847961B1625BD00E0BB79 /* CH09_Model.dae in Resources */ = {isa = PBXBuildFile; fileRef = 1F2847911B1625BD00E0BB79 /* CH09_Model.dae */; };
		1F2847971B1625BD00E0BB79 /* CH10_Model.dae in Resources */ = {isa = PBXBuildFile; fileRef = 1F2847921B1625BD00E0BB79 /* CH10_Model.dae */; };
		1F29BC8C1ACE09FC00D7F737 /* girl1_Model.dae in Resources */ = {isa = PBXBuildFile; fileRef = 1F29BC8B1ACE09FC00D7F737 /* girl1_Model.dae */; };
		1F29BC8E1ACE0A0400D7F737 /* boy1_Model.dae in Resources */ = {isa = PBXBuildFile; fileRef = 1F29BC8D1ACE0A0400D7F737 /* boy1_Model.dae */; };
		1F29BC961ACE25CA00D7F737 /* girl1_Animations.dae in Resources */ = {isa = PBXBuildFile; fileRef = 1F29BC951ACE25CA00D7F737 /* girl1_Animations.dae */; };
		1F29BC981ACE25D700D7F737 /* boy1_Animations.dae in Resources */ = {isa = PBXBuildFile; fileRef = 1F29BC971ACE25D700D7F737 /* boy1_Animations.dae */; };
		1F4EA5731AC1FE890030008A /* AppDelegate.swift in Sources */ = {isa = PBXBuildFile; fileRef = 1F4EA5721AC1FE890030008A /* AppDelegate.swift */; };
		1F4EA5771AC1FE890030008A /* GameViewController.swift in Sources */ = {isa = PBXBuildFile; fileRef = 1F4EA5761AC1FE890030008A /* GameViewController.swift */; };
		1F4EA57A1AC1FE890030008A /* Main.storyboard in Resources */ = {isa = PBXBuildFile; fileRef = 1F4EA5781AC1FE890030008A /* Main.storyboard */; };
		1F4EA57C1AC1FE890030008A /* Images.xcassets in Resources */ = {isa = PBXBuildFile; fileRef = 1F4EA57B1AC1FE890030008A /* Images.xcassets */; };
		1F4EA58B1AC1FE8A0030008A /* ModelTestingTests.swift in Sources */ = {isa = PBXBuildFile; fileRef = 1F4EA58A1AC1FE8A0030008A /* ModelTestingTests.swift */; };
		1F81122A1B02F79A00E94664 /* girl3_Model.dae in Resources */ = {isa = PBXBuildFile; fileRef = 1F8112271B02F79A00E94664 /* girl3_Model.dae */; };
		1F81122B1B02F79A00E94664 /* woman16_Model.dae in Resources */ = {isa = PBXBuildFile; fileRef = 1F8112281B02F79A00E94664 /* woman16_Model.dae */; };
		1F81122C1B02F79A00E94664 /* woman17_Model.dae in Resources */ = {isa = PBXBuildFile; fileRef = 1F8112291B02F79A00E94664 /* woman17_Model.dae */; };
		1F83F7A91B1C1C9E00C3DA60 /* table.DAE in Resources */ = {isa = PBXBuildFile; fileRef = 1F83F7A81B1C1C9E00C3DA60 /* table.DAE */; };
		1F9FD48C1AE700E700DCA381 /* boy2_Model.dae in Resources */ = {isa = PBXBuildFile; fileRef = 1F9FD48B1AE700E700DCA381 /* boy2_Model.dae */; };
		1FA74B031AE737F4003EDDDF /* boy3_Model.dae in Resources */ = {isa = PBXBuildFile; fileRef = 1FA74B021AE737F4003EDDDF /* boy3_Model.dae */; };
		1FAFAB5B1B2BCEFF0067503D /* CH02_Animations.dae in Resources */ = {isa = PBXBuildFile; fileRef = 1FAFAB5A1B2BCEFF0067503D /* CH02_Animations.dae */; };
		1FAFAB5D1B2BD03B0067503D /* CH03_Animations.dae in Resources */ = {isa = PBXBuildFile; fileRef = 1FAFAB5C1B2BD03B0067503D /* CH03_Animations.dae */; };
		1FAFAB5F1B2BD0470067503D /* CH04_Animations.dae in Resources */ = {isa = PBXBuildFile; fileRef = 1FAFAB5E1B2BD0470067503D /* CH04_Animations.dae */; };
		1FAFAB611B2BEB060067503D /* CH05_Animations.dae in Resources */ = {isa = PBXBuildFile; fileRef = 1FAFAB601B2BEB060067503D /* CH05_Animations.dae */; };
		1FAFAB671B2BEB470067503D /* CH08_Animations.dae in Resources */ = {isa = PBXBuildFile; fileRef = 1FAFAB631B2BEB470067503D /* CH08_Animations.dae */; };
		1FAFAB681B2BEB470067503D /* CH09_Animations.dae in Resources */ = {isa = PBXBuildFile; fileRef = 1FAFAB641B2BEB470067503D /* CH09_Animations.dae */; };
		1FAFAB691B2BEB470067503D /* CH10_Animations.dae in Resources */ = {isa = PBXBuildFile; fileRef = 1FAFAB651B2BEB470067503D /* CH10_Animations.dae */; };
		1FAFAB6B1B2BED630067503D /* CH06_Animations.dae in Resources */ = {isa = PBXBuildFile; fileRef = 1FAFAB6A1B2BED630067503D /* CH06_Animations.dae */; };
		1FF48E711B1A65C600E40141 /* CH01_Animations.dae in Resources */ = {isa = PBXBuildFile; fileRef = 1FF48E701B1A65C600E40141 /* CH01_Animations.dae */; };
/* End PBXBuildFile section */

/* Begin PBXContainerItemProxy section */
		1F4EA5851AC1FE890030008A /* PBXContainerItemProxy */ = {
			isa = PBXContainerItemProxy;
			containerPortal = 1F4EA5651AC1FE890030008A /* Project object */;
			proxyType = 1;
			remoteGlobalIDString = 1F4EA56C1AC1FE890030008A;
			remoteInfo = ModelTesting;
		};
/* End PBXContainerItemProxy section */

/* Begin PBXFileReference section */
		1F1732E71B1BFB5F00B4235E /* CBoy0001.tif */ = {isa = PBXFileReference; lastKnownFileType = image.tiff; path = CBoy0001.tif; sourceTree = "<group>"; };
		1F1732E81B1BFB5F00B4235E /* CBoy0002.tif */ = {isa = PBXFileReference; lastKnownFileType = image.tiff; path = CBoy0002.tif; sourceTree = "<group>"; };
		1F1732E91B1BFB5F00B4235E /* CBoy0003.tif */ = {isa = PBXFileReference; lastKnownFileType = image.tiff; path = CBoy0003.tif; sourceTree = "<group>"; };
		1F1732EA1B1BFB5F00B4235E /* CBoy0004.tif */ = {isa = PBXFileReference; lastKnownFileType = image.tiff; path = CBoy0004.tif; sourceTree = "<group>"; };
		1F1732EB1B1BFB5F00B4235E /* CBoy0005.tif */ = {isa = PBXFileReference; lastKnownFileType = image.tiff; path = CBoy0005.tif; sourceTree = "<group>"; };
		1F1732EC1B1BFB5F00B4235E /* CGirl0001.tif */ = {isa = PBXFileReference; lastKnownFileType = image.tiff; path = CGirl0001.tif; sourceTree = "<group>"; };
		1F1732ED1B1BFB5F00B4235E /* CGirl0002.tif */ = {isa = PBXFileReference; lastKnownFileType = image.tiff; path = CGirl0002.tif; sourceTree = "<group>"; };
		1F1732EE1B1BFB5F00B4235E /* CGirl0003.tif */ = {isa = PBXFileReference; lastKnownFileType = image.tiff; path = CGirl0003.tif; sourceTree = "<group>"; };
		1F1732EF1B1BFB5F00B4235E /* CWom0016.tif */ = {isa = PBXFileReference; lastKnownFileType = image.tiff; path = CWom0016.tif; sourceTree = "<group>"; };
		1F1732F01B1BFB5F00B4235E /* CWom0017.tif */ = {isa = PBXFileReference; lastKnownFileType = image.tiff; path = CWom0017.tif; sourceTree = "<group>"; };
		1F1732FB1B1BFB8300B4235E /* boy2_Animations.dae */ = {isa = PBXFileReference; fileEncoding = 4; lastKnownFileType = text.xml.dae; path = boy2_Animations.dae; sourceTree = "<group>"; };
		1F1732FC1B1BFB8300B4235E /* boy3_Animations.dae */ = {isa = PBXFileReference; fileEncoding = 4; lastKnownFileType = text.xml.dae; path = boy3_Animations.dae; sourceTree = "<group>"; };
		1F1732FD1B1BFB8300B4235E /* boy4_Animations.dae */ = {isa = PBXFileReference; fileEncoding = 4; lastKnownFileType = text.xml.dae; path = boy4_Animations.dae; sourceTree = "<group>"; };
		1F1732FE1B1BFB8300B4235E /* boy5_Animations.dae */ = {isa = PBXFileReference; fileEncoding = 4; lastKnownFileType = text.xml.dae; path = boy5_Animations.dae; sourceTree = "<group>"; };
		1F1732FF1B1BFB8300B4235E /* girl2_Animations.dae */ = {isa = PBXFileReference; fileEncoding = 4; lastKnownFileType = text.xml.dae; path = girl2_Animations.dae; sourceTree = "<group>"; };
		1F1733001B1BFB8300B4235E /* girl3_Animations.dae */ = {isa = PBXFileReference; fileEncoding = 4; lastKnownFileType = text.xml.dae; path = girl3_Animations.dae; sourceTree = "<group>"; };
		1F1733011B1BFB8300B4235E /* woman16_Animations.dae */ = {isa = PBXFileReference; fileEncoding = 4; lastKnownFileType = text.xml.dae; path = woman16_Animations.dae; sourceTree = "<group>"; };
		1F1733021B1BFB8300B4235E /* woman17_Animations.dae */ = {isa = PBXFileReference; fileEncoding = 4; lastKnownFileType = text.xml.dae; path = woman17_Animations.dae; sourceTree = "<group>"; };
		1F18E93B1AF3329E00944E9F /* boy5_Model.dae */ = {isa = PBXFileReference; fileEncoding = 4; lastKnownFileType = text.xml.dae; name = boy5_Model.dae; path = ../../../../../Dropbox/AViSSS_Models/boy5_Model.dae; sourceTree = "<group>"; };
		1F18E9411AF44CCC00944E9F /* girl2_Model.dae */ = {isa = PBXFileReference; fileEncoding = 4; lastKnownFileType = text.xml.dae; name = girl2_Model.dae; path = ../../../../../Dropbox/AViSSS_Models/girl2_Model.dae; sourceTree = "<group>"; };
		1F254EEE1AF31893003DF14D /* boy4_Model.dae */ = {isa = PBXFileReference; fileEncoding = 4; lastKnownFileType = text.xml.dae; name = boy4_Model.dae; path = ../../../../../Dropbox/AViSSS_Models/boy4_Model.dae; sourceTree = "<group>"; };
		1F28474E1B161B2D00E0BB79 /* CH01_gym.jpg */ = {isa = PBXFileReference; lastKnownFileType = image.jpeg; path = CH01_gym.jpg; sourceTree = "<group>"; };
		1F28474F1B161B2D00E0BB79 /* CH01.jpg */ = {isa = PBXFileReference; lastKnownFileType = image.jpeg; path = CH01.jpg; sourceTree = "<group>"; };
		1F2847501B161B2D00E0BB79 /* CH02_gym.jpg */ = {isa = PBXFileReference; lastKnownFileType = image.jpeg; path = CH02_gym.jpg; sourceTree = "<group>"; };
		1F2847511B161B2D00E0BB79 /* CH02.jpg */ = {isa = PBXFileReference; lastKnownFileType = image.jpeg; path = CH02.jpg; sourceTree = "<group>"; };
		1F2847521B161B2D00E0BB79 /* CH03_gym.jpg */ = {isa = PBXFileReference; lastKnownFileType = image.jpeg; path = CH03_gym.jpg; sourceTree = "<group>"; };
		1F2847531B161B2D00E0BB79 /* CH03.jpg */ = {isa = PBXFileReference; lastKnownFileType = image.jpeg; path = CH03.jpg; sourceTree = "<group>"; };
		1F2847541B161B2D00E0BB79 /* CH04_gym.jpg */ = {isa = PBXFileReference; lastKnownFileType = image.jpeg; path = CH04_gym.jpg; sourceTree = "<group>"; };
		1F2847551B161B2D00E0BB79 /* CH04.jpg */ = {isa = PBXFileReference; lastKnownFileType = image.jpeg; path = CH04.jpg; sourceTree = "<group>"; };
		1F2847561B161B2D00E0BB79 /* CH05_gym.jpg */ = {isa = PBXFileReference; lastKnownFileType = image.jpeg; path = CH05_gym.jpg; sourceTree = "<group>"; };
		1F2847571B161B2D00E0BB79 /* CH05.jpg */ = {isa = PBXFileReference; lastKnownFileType = image.jpeg; path = CH05.jpg; sourceTree = "<group>"; };
		1F2847581B161B2D00E0BB79 /* CH06_gym.jpg */ = {isa = PBXFileReference; lastKnownFileType = image.jpeg; path = CH06_gym.jpg; sourceTree = "<group>"; };
		1F2847591B161B2D00E0BB79 /* CH06.jpg */ = {isa = PBXFileReference; lastKnownFileType = image.jpeg; path = CH06.jpg; sourceTree = "<group>"; };
		1F28475A1B161B2D00E0BB79 /* CH07_gym.jpg */ = {isa = PBXFileReference; lastKnownFileType = image.jpeg; path = CH07_gym.jpg; sourceTree = "<group>"; };
		1F28475B1B161B2D00E0BB79 /* CH07.jpg */ = {isa = PBXFileReference; lastKnownFileType = image.jpeg; path = CH07.jpg; sourceTree = "<group>"; };
		1F28475C1B161B2D00E0BB79 /* CH08_gym.jpg */ = {isa = PBXFileReference; lastKnownFileType = image.jpeg; path = CH08_gym.jpg; sourceTree = "<group>"; };
		1F28475D1B161B2D00E0BB79 /* CH08.jpg */ = {isa = PBXFileReference; lastKnownFileType = image.jpeg; path = CH08.jpg; sourceTree = "<group>"; };
		1F28475E1B161B2D00E0BB79 /* CH09_gym.jpg */ = {isa = PBXFileReference; lastKnownFileType = image.jpeg; path = CH09_gym.jpg; sourceTree = "<group>"; };
		1F28475F1B161B2D00E0BB79 /* CH09.jpg */ = {isa = PBXFileReference; lastKnownFileType = image.jpeg; path = CH09.jpg; sourceTree = "<group>"; };
		1F2847601B161B2D00E0BB79 /* CH10_gym.jpg */ = {isa = PBXFileReference; lastKnownFileType = image.jpeg; path = CH10_gym.jpg; sourceTree = "<group>"; };
		1F2847611B161B2D00E0BB79 /* CH10.jpg */ = {isa = PBXFileReference; lastKnownFileType = image.jpeg; path = CH10.jpg; sourceTree = "<group>"; };
		1F28477A1B1623BF00E0BB79 /* CH01_Model.dae */ = {isa = PBXFileReference; fileEncoding = 4; lastKnownFileType = text.xml.dae; path = CH01_Model.dae; sourceTree = "<group>"; };
		1F28477C1B1623D700E0BB79 /* CH02_Model.dae */ = {isa = PBXFileReference; fileEncoding = 4; lastKnownFileType = text.xml.dae; path = CH02_Model.dae; sourceTree = "<group>"; };
		1F28477D1B1623D700E0BB79 /* CH03_Model.dae */ = {isa = PBXFileReference; fileEncoding = 4; lastKnownFileType = text.xml.dae; path = CH03_Model.dae; sourceTree = "<group>"; };
		1F28477E1B1623D700E0BB79 /* CH04_Model.dae */ = {isa = PBXFileReference; fileEncoding = 4; lastKnownFileType = text.xml.dae; path = CH04_Model.dae; sourceTree = "<group>"; };
		1F28477F1B1623D700E0BB79 /* CH05_Model.dae */ = {isa = PBXFileReference; fileEncoding = 4; lastKnownFileType = text.xml.dae; path = CH05_Model.dae; sourceTree = "<group>"; };
		1F28478E1B1625BC00E0BB79 /* CH06_Model.dae */ = {isa = PBXFileReference; fileEncoding = 4; lastKnownFileType = text.xml.dae; path = CH06_Model.dae; sourceTree = "<group>"; };
		1F2847901B1625BD00E0BB79 /* CH08_Model.dae */ = {isa = PBXFileReference; fileEncoding = 4; lastKnownFileType = text.xml.dae; path = CH08_Model.dae; sourceTree = "<group>"; };
		1F2847911B1625BD00E0BB79 /* CH09_Model.dae */ = {isa = PBXFileReference; fileEncoding = 4; lastKnownFileType = text.xml.dae; path = CH09_Model.dae; sourceTree = "<group>"; };
		1F2847921B1625BD00E0BB79 /* CH10_Model.dae */ = {isa = PBXFileReference; fileEncoding = 4; lastKnownFileType = text.xml.dae; path = CH10_Model.dae; sourceTree = "<group>"; };
		1F29BC8B1ACE09FC00D7F737 /* girl1_Model.dae */ = {isa = PBXFileReference; fileEncoding = 4; lastKnownFileType = text.xml.dae; path = girl1_Model.dae; sourceTree = "<group>"; };
		1F29BC8D1ACE0A0400D7F737 /* boy1_Model.dae */ = {isa = PBXFileReference; fileEncoding = 4; lastKnownFileType = text.xml.dae; path = boy1_Model.dae; sourceTree = "<group>"; };
		1F29BC951ACE25CA00D7F737 /* girl1_Animations.dae */ = {isa = PBXFileReference; fileEncoding = 4; lastKnownFileType = text.xml.dae; path = girl1_Animations.dae; sourceTree = "<group>"; };
		1F29BC971ACE25D700D7F737 /* boy1_Animations.dae */ = {isa = PBXFileReference; fileEncoding = 4; lastKnownFileType = text.xml.dae; path = boy1_Animations.dae; sourceTree = "<group>"; };
		1F4EA56D1AC1FE890030008A /* ModelTesting.app */ = {isa = PBXFileReference; explicitFileType = wrapper.application; includeInIndex = 0; path = ModelTesting.app; sourceTree = BUILT_PRODUCTS_DIR; };
		1F4EA5711AC1FE890030008A /* Info.plist */ = {isa = PBXFileReference; lastKnownFileType = text.plist.xml; path = Info.plist; sourceTree = "<group>"; };
		1F4EA5721AC1FE890030008A /* AppDelegate.swift */ = {isa = PBXFileReference; lastKnownFileType = sourcecode.swift; path = AppDelegate.swift; sourceTree = "<group>"; };
		1F4EA5761AC1FE890030008A /* GameViewController.swift */ = {isa = PBXFileReference; lastKnownFileType = sourcecode.swift; path = GameViewController.swift; sourceTree = "<group>"; };
		1F4EA5791AC1FE890030008A /* Base */ = {isa = PBXFileReference; lastKnownFileType = file.storyboard; name = Base; path = Base.lproj/Main.storyboard; sourceTree = "<group>"; };
		1F4EA57B1AC1FE890030008A /* Images.xcassets */ = {isa = PBXFileReference; lastKnownFileType = folder.assetcatalog; path = Images.xcassets; sourceTree = "<group>"; };
		1F4EA5841AC1FE890030008A /* ModelTestingTests.xctest */ = {isa = PBXFileReference; explicitFileType = wrapper.cfbundle; includeInIndex = 0; path = ModelTestingTests.xctest; sourceTree = BUILT_PRODUCTS_DIR; };
		1F4EA5891AC1FE8A0030008A /* Info.plist */ = {isa = PBXFileReference; lastKnownFileType = text.plist.xml; path = Info.plist; sourceTree = "<group>"; };
		1F4EA58A1AC1FE8A0030008A /* ModelTestingTests.swift */ = {isa = PBXFileReference; lastKnownFileType = sourcecode.swift; path = ModelTestingTests.swift; sourceTree = "<group>"; };
		1F8112271B02F79A00E94664 /* girl3_Model.dae */ = {isa = PBXFileReference; fileEncoding = 4; lastKnownFileType = text.xml.dae; name = girl3_Model.dae; path = ../../../../../Dropbox/AViSSS_Models/girl3_Model.dae; sourceTree = "<group>"; };
		1F8112281B02F79A00E94664 /* woman16_Model.dae */ = {isa = PBXFileReference; fileEncoding = 4; lastKnownFileType = text.xml.dae; name = woman16_Model.dae; path = ../../../../../Dropbox/AViSSS_Models/woman16_Model.dae; sourceTree = "<group>"; };
		1F8112291B02F79A00E94664 /* woman17_Model.dae */ = {isa = PBXFileReference; fileEncoding = 4; lastKnownFileType = text.xml.dae; name = woman17_Model.dae; path = ../../../../../Dropbox/AViSSS_Models/woman17_Model.dae; sourceTree = "<group>"; };
		1F83F7A81B1C1C9E00C3DA60 /* table.DAE */ = {isa = PBXFileReference; fileEncoding = 4; lastKnownFileType = text.xml.dae; path = table.DAE; sourceTree = "<group>"; };
		1F9FD48B1AE700E700DCA381 /* boy2_Model.dae */ = {isa = PBXFileReference; fileEncoding = 4; lastKnownFileType = text.xml.dae; name = boy2_Model.dae; path = ../../../../../Dropbox/AViSSS_Models/boy2_Model.dae; sourceTree = "<group>"; };
		1FA74B021AE737F4003EDDDF /* boy3_Model.dae */ = {isa = PBXFileReference; fileEncoding = 4; lastKnownFileType = text.xml.dae; name = boy3_Model.dae; path = ../../../../../Dropbox/AViSSS_Models/boy3_Model.dae; sourceTree = "<group>"; };
		1FAFAB5A1B2BCEFF0067503D /* CH02_Animations.dae */ = {isa = PBXFileReference; fileEncoding = 4; lastKnownFileType = text.xml.dae; path = CH02_Animations.dae; sourceTree = "<group>"; };
		1FAFAB5C1B2BD03B0067503D /* CH03_Animations.dae */ = {isa = PBXFileReference; fileEncoding = 4; lastKnownFileType = text.xml.dae; path = CH03_Animations.dae; sourceTree = "<group>"; };
		1FAFAB5E1B2BD0470067503D /* CH04_Animations.dae */ = {isa = PBXFileReference; fileEncoding = 4; lastKnownFileType = text.xml.dae; path = CH04_Animations.dae; sourceTree = "<group>"; };
		1FAFAB601B2BEB060067503D /* CH05_Animations.dae */ = {isa = PBXFileReference; fileEncoding = 4; lastKnownFileType = text.xml.dae; path = CH05_Animations.dae; sourceTree = "<group>"; };
		1FAFAB631B2BEB470067503D /* CH08_Animations.dae */ = {isa = PBXFileReference; fileEncoding = 4; lastKnownFileType = text.xml.dae; path = CH08_Animations.dae; sourceTree = "<group>"; };
		1FAFAB641B2BEB470067503D /* CH09_Animations.dae */ = {isa = PBXFileReference; fileEncoding = 4; lastKnownFileType = text.xml.dae; path = CH09_Animations.dae; sourceTree = "<group>"; };
		1FAFAB651B2BEB470067503D /* CH10_Animations.dae */ = {isa = PBXFileReference; fileEncoding = 4; lastKnownFileType = text.xml.dae; path = CH10_Animations.dae; sourceTree = "<group>"; };
		1FAFAB6A1B2BED630067503D /* CH06_Animations.dae */ = {isa = PBXFileReference; fileEncoding = 4; lastKnownFileType = text.xml.dae; path = CH06_Animations.dae; sourceTree = "<group>"; };
		1FF48E701B1A65C600E40141 /* CH01_Animations.dae */ = {isa = PBXFileReference; fileEncoding = 4; lastKnownFileType = text.xml.dae; path = CH01_Animations.dae; sourceTree = "<group>"; };
/* End PBXFileReference section */

/* Begin PBXFrameworksBuildPhase section */
		1F4EA56A1AC1FE890030008A /* Frameworks */ = {
			isa = PBXFrameworksBuildPhase;
			buildActionMask = 2147483647;
			files = (
			);
			runOnlyForDeploymentPostprocessing = 0;
		};
		1F4EA5811AC1FE890030008A /* Frameworks */ = {
			isa = PBXFrameworksBuildPhase;
			buildActionMask = 2147483647;
			files = (
			);
			runOnlyForDeploymentPostprocessing = 0;
		};
/* End PBXFrameworksBuildPhase section */

/* Begin PBXGroup section */
		1F4EA5641AC1FE890030008A = {
			isa = PBXGroup;
			children = (
				1F4EA56F1AC1FE890030008A /* ModelTesting */,
				1F4EA5871AC1FE890030008A /* ModelTestingTests */,
				1F4EA56E1AC1FE890030008A /* Products */,
			);
			sourceTree = "<group>";
		};
		1F4EA56E1AC1FE890030008A /* Products */ = {
			isa = PBXGroup;
			children = (
				1F4EA56D1AC1FE890030008A /* ModelTesting.app */,
				1F4EA5841AC1FE890030008A /* ModelTestingTests.xctest */,
			);
			name = Products;
			sourceTree = "<group>";
		};
		1F4EA56F1AC1FE890030008A /* ModelTesting */ = {
			isa = PBXGroup;
			children = (
				1F4EA5941AC200730030008A /* Resources */,
				1F4EA5721AC1FE890030008A /* AppDelegate.swift */,
				1F4EA5761AC1FE890030008A /* GameViewController.swift */,
				1F4EA5781AC1FE890030008A /* Main.storyboard */,
				1F4EA57B1AC1FE890030008A /* Images.xcassets */,
				1F4EA5701AC1FE890030008A /* Supporting Files */,
			);
			path = ModelTesting;
			sourceTree = "<group>";
		};
		1F4EA5701AC1FE890030008A /* Supporting Files */ = {
			isa = PBXGroup;
			children = (
				1F4EA5711AC1FE890030008A /* Info.plist */,
			);
			name = "Supporting Files";
			sourceTree = "<group>";
		};
		1F4EA5871AC1FE890030008A /* ModelTestingTests */ = {
			isa = PBXGroup;
			children = (
				1F4EA58A1AC1FE8A0030008A /* ModelTestingTests.swift */,
				1F4EA5881AC1FE8A0030008A /* Supporting Files */,
			);
			path = ModelTestingTests;
			sourceTree = "<group>";
		};
		1F4EA5881AC1FE8A0030008A /* Supporting Files */ = {
			isa = PBXGroup;
			children = (
				1F4EA5891AC1FE8A0030008A /* Info.plist */,
			);
			name = "Supporting Files";
			sourceTree = "<group>";
		};
		1F4EA5941AC200730030008A /* Resources */ = {
			isa = PBXGroup;
			children = (
				1FB84E021B02FAF400A26D1D /* Images */,
				1FB84E2C1B02FB5000A26D1D /* Models */,
				1FB84E2D1B02FB7300A26D1D /* Animations */,
			);
			path = Resources;
			sourceTree = "<group>";
		};
		1FB84E021B02FAF400A26D1D /* Images */ = {
			isa = PBXGroup;
			children = (
				1F1732E71B1BFB5F00B4235E /* CBoy0001.tif */,
				1F1732E81B1BFB5F00B4235E /* CBoy0002.tif */,
				1F1732E91B1BFB5F00B4235E /* CBoy0003.tif */,
				1F1732EA1B1BFB5F00B4235E /* CBoy0004.tif */,
				1F1732EB1B1BFB5F00B4235E /* CBoy0005.tif */,
				1F1732EC1B1BFB5F00B4235E /* CGirl0001.tif */,
				1F1732ED1B1BFB5F00B4235E /* CGirl0002.tif */,
				1F1732EE1B1BFB5F00B4235E /* CGirl0003.tif */,
				1F1732EF1B1BFB5F00B4235E /* CWom0016.tif */,
				1F1732F01B1BFB5F00B4235E /* CWom0017.tif */,
				1F28474E1B161B2D00E0BB79 /* CH01_gym.jpg */,
				1F28474F1B161B2D00E0BB79 /* CH01.jpg */,
				1F2847501B161B2D00E0BB79 /* CH02_gym.jpg */,
				1F2847511B161B2D00E0BB79 /* CH02.jpg */,
				1F2847521B161B2D00E0BB79 /* CH03_gym.jpg */,
				1F2847531B161B2D00E0BB79 /* CH03.jpg */,
				1F2847541B161B2D00E0BB79 /* CH04_gym.jpg */,
				1F2847551B161B2D00E0BB79 /* CH04.jpg */,
				1F2847561B161B2D00E0BB79 /* CH05_gym.jpg */,
				1F2847571B161B2D00E0BB79 /* CH05.jpg */,
				1F2847581B161B2D00E0BB79 /* CH06_gym.jpg */,
				1F2847591B161B2D00E0BB79 /* CH06.jpg */,
				1F28475A1B161B2D00E0BB79 /* CH07_gym.jpg */,
				1F28475B1B161B2D00E0BB79 /* CH07.jpg */,
				1F28475C1B161B2D00E0BB79 /* CH08_gym.jpg */,
				1F28475D1B161B2D00E0BB79 /* CH08.jpg */,
				1F28475E1B161B2D00E0BB79 /* CH09_gym.jpg */,
				1F28475F1B161B2D00E0BB79 /* CH09.jpg */,
				1F2847601B161B2D00E0BB79 /* CH10_gym.jpg */,
				1F2847611B161B2D00E0BB79 /* CH10.jpg */,
			);
			name = Images;
			sourceTree = "<group>";
		};
		1FB84E2C1B02FB5000A26D1D /* Models */ = {
			isa = PBXGroup;
			children = (
				1F83F7A81B1C1C9E00C3DA60 /* table.DAE */,
				1F28478E1B1625BC00E0BB79 /* CH06_Model.dae */,
				1F2847901B1625BD00E0BB79 /* CH08_Model.dae */,
				1F2847911B1625BD00E0BB79 /* CH09_Model.dae */,
				1F28477C1B1623D700E0BB79 /* CH02_Model.dae */,
				1F2847921B1625BD00E0BB79 /* CH10_Model.dae */,
				1F28477A1B1623BF00E0BB79 /* CH01_Model.dae */,
				1F28477D1B1623D700E0BB79 /* CH03_Model.dae */,
				1F28477E1B1623D700E0BB79 /* CH04_Model.dae */,
				1F28477F1B1623D700E0BB79 /* CH05_Model.dae */,
				1F8112281B02F79A00E94664 /* woman16_Model.dae */,
				1F8112291B02F79A00E94664 /* woman17_Model.dae */,
				1F18E9411AF44CCC00944E9F /* girl2_Model.dae */,
				1F18E93B1AF3329E00944E9F /* boy5_Model.dae */,
				1F254EEE1AF31893003DF14D /* boy4_Model.dae */,
				1FA74B021AE737F4003EDDDF /* boy3_Model.dae */,
				1F9FD48B1AE700E700DCA381 /* boy2_Model.dae */,
				1F29BC8B1ACE09FC00D7F737 /* girl1_Model.dae */,
				1F29BC8D1ACE0A0400D7F737 /* boy1_Model.dae */,
				1F8112271B02F79A00E94664 /* girl3_Model.dae */,
			);
			name = Models;
			sourceTree = "<group>";
		};
		1FB84E2D1B02FB7300A26D1D /* Animations */ = {
			isa = PBXGroup;
			children = (
				1FAFAB6A1B2BED630067503D /* CH06_Animations.dae */,
				1FAFAB631B2BEB470067503D /* CH08_Animations.dae */,
				1FAFAB641B2BEB470067503D /* CH09_Animations.dae */,
				1FAFAB651B2BEB470067503D /* CH10_Animations.dae */,
				1FAFAB601B2BEB060067503D /* CH05_Animations.dae */,
				1FAFAB5E1B2BD0470067503D /* CH04_Animations.dae */,
				1FAFAB5C1B2BD03B0067503D /* CH03_Animations.dae */,
				1FAFAB5A1B2BCEFF0067503D /* CH02_Animations.dae */,
				1F1732FB1B1BFB8300B4235E /* boy2_Animations.dae */,
				1F1732FC1B1BFB8300B4235E /* boy3_Animations.dae */,
				1F1732FD1B1BFB8300B4235E /* boy4_Animations.dae */,
				1F1732FE1B1BFB8300B4235E /* boy5_Animations.dae */,
				1F1732FF1B1BFB8300B4235E /* girl2_Animations.dae */,
				1F1733001B1BFB8300B4235E /* girl3_Animations.dae */,
				1F1733011B1BFB8300B4235E /* woman16_Animations.dae */,
				1F1733021B1BFB8300B4235E /* woman17_Animations.dae */,
				1FF48E701B1A65C600E40141 /* CH01_Animations.dae */,
				1F29BC951ACE25CA00D7F737 /* girl1_Animations.dae */,
				1F29BC971ACE25D700D7F737 /* boy1_Animations.dae */,
			);
			name = Animations;
			sourceTree = "<group>";
		};
/* End PBXGroup section */

/* Begin PBXNativeTarget section */
		1F4EA56C1AC1FE890030008A /* ModelTesting */ = {
			isa = PBXNativeTarget;
			buildConfigurationList = 1F4EA58E1AC1FE8A0030008A /* Build configuration list for PBXNativeTarget "ModelTesting" */;
			buildPhases = (
				1F4EA5691AC1FE890030008A /* Sources */,
				1F4EA56A1AC1FE890030008A /* Frameworks */,
				1F4EA56B1AC1FE890030008A /* Resources */,
			);
			buildRules = (
			);
			dependencies = (
			);
			name = ModelTesting;
			productName = ModelTesting;
			productReference = 1F4EA56D1AC1FE890030008A /* ModelTesting.app */;
			productType = "com.apple.product-type.application";
		};
		1F4EA5831AC1FE890030008A /* ModelTestingTests */ = {
			isa = PBXNativeTarget;
			buildConfigurationList = 1F4EA5911AC1FE8A0030008A /* Build configuration list for PBXNativeTarget "ModelTestingTests" */;
			buildPhases = (
				1F4EA5801AC1FE890030008A /* Sources */,
				1F4EA5811AC1FE890030008A /* Frameworks */,
				1F4EA5821AC1FE890030008A /* Resources */,
			);
			buildRules = (
			);
			dependencies = (
				1F4EA5861AC1FE890030008A /* PBXTargetDependency */,
			);
			name = ModelTestingTests;
			productName = ModelTestingTests;
			productReference = 1F4EA5841AC1FE890030008A /* ModelTestingTests.xctest */;
			productType = "com.apple.product-type.bundle.unit-test";
		};
/* End PBXNativeTarget section */

/* Begin PBXProject section */
		1F4EA5651AC1FE890030008A /* Project object */ = {
			isa = PBXProject;
			attributes = {
				LastUpgradeCheck = 0630;
				ORGANIZATIONNAME = wirsing.app;
				TargetAttributes = {
					1F4EA56C1AC1FE890030008A = {
						CreatedOnToolsVersion = 6.3;
					};
					1F4EA5831AC1FE890030008A = {
						CreatedOnToolsVersion = 6.3;
						TestTargetID = 1F4EA56C1AC1FE890030008A;
					};
				};
			};
			buildConfigurationList = 1F4EA5681AC1FE890030008A /* Build configuration list for PBXProject "ModelTesting" */;
			compatibilityVersion = "Xcode 3.2";
			developmentRegion = English;
			hasScannedForEncodings = 0;
			knownRegions = (
				en,
				Base,
			);
			mainGroup = 1F4EA5641AC1FE890030008A;
			productRefGroup = 1F4EA56E1AC1FE890030008A /* Products */;
			projectDirPath = "";
			projectRoot = "";
			targets = (
				1F4EA56C1AC1FE890030008A /* ModelTesting */,
				1F4EA5831AC1FE890030008A /* ModelTestingTests */,
			);
		};
/* End PBXProject section */

/* Begin PBXResourcesBuildPhase section */
		1F4EA56B1AC1FE890030008A /* Resources */ = {
			isa = PBXResourcesBuildPhase;
			buildActionMask = 2147483647;
			files = (
				1F29BC981ACE25D700D7F737 /* boy1_Animations.dae in Resources */,
				1F1732F71B1BFB5F00B4235E /* CGirl0002.tif in Resources */,
				1F2847691B161B2D00E0BB79 /* CH04.jpg in Resources */,
				1F2847931B1625BD00E0BB79 /* CH06_Model.dae in Resources */,
				1F2847681B161B2D00E0BB79 /* CH04_gym.jpg in Resources */,
				1F1732FA1B1BFB5F00B4235E /* CWom0017.tif in Resources */,
				1F4EA57C1AC1FE890030008A /* Images.xcassets in Resources */,
				1F1733061B1BFB8300B4235E /* boy5_Animations.dae in Resources */,
				1F1732F91B1BFB5F00B4235E /* CWom0016.tif in Resources */,
				1F83F7A91B1C1C9E00C3DA60 /* table.DAE in Resources */,
				1F1733091B1BFB8300B4235E /* woman16_Animations.dae in Resources */,
				1F2847871B1623D700E0BB79 /* CH04_Model.dae in Resources */,
				1FAFAB611B2BEB060067503D /* CH05_Animations.dae in Resources */,
				1F1733071B1BFB8300B4235E /* girl2_Animations.dae in Resources */,
				1F2847621B161B2D00E0BB79 /* CH01_gym.jpg in Resources */,
				1FAFAB5B1B2BCEFF0067503D /* CH02_Animations.dae in Resources */,
				1F2847731B161B2D00E0BB79 /* CH09.jpg in Resources */,
				1F28476C1B161B2D00E0BB79 /* CH06_gym.jpg in Resources */,
				1F18E9421AF44CCC00944E9F /* girl2_Model.dae in Resources */,
				1F2847631B161B2D00E0BB79 /* CH01.jpg in Resources */,
				1F254EEF1AF31893003DF14D /* boy4_Model.dae in Resources */,
				1FA74B031AE737F4003EDDDF /* boy3_Model.dae in Resources */,
				1F1732F31B1BFB5F00B4235E /* CBoy0003.tif in Resources */,
				1FAFAB681B2BEB470067503D /* CH09_Animations.dae in Resources */,
				1F1732F11B1BFB5F00B4235E /* CBoy0001.tif in Resources */,
				1F29BC8E1ACE0A0400D7F737 /* boy1_Model.dae in Resources */,
				1F1733051B1BFB8300B4235E /* boy4_Animations.dae in Resources */,
				1F28476A1B161B2D00E0BB79 /* CH05_gym.jpg in Resources */,
				1FAFAB671B2BEB470067503D /* CH08_Animations.dae in Resources */,
				1F1732F21B1BFB5F00B4235E /* CBoy0002.tif in Resources */,
				1FF48E711B1A65C600E40141 /* CH01_Animations.dae in Resources */,
				1F1732F51B1BFB5F00B4235E /* CBoy0005.tif in Resources */,
				1F28476E1B161B2D00E0BB79 /* CH07_gym.jpg in Resources */,
				1F81122C1B02F79A00E94664 /* woman17_Model.dae in Resources */,
				1F2847651B161B2D00E0BB79 /* CH02.jpg in Resources */,
				1FAFAB5F1B2BD0470067503D /* CH04_Animations.dae in Resources */,
				1F2847721B161B2D00E0BB79 /* CH09_gym.jpg in Resources */,
				1F9FD48C1AE700E700DCA381 /* boy2_Model.dae in Resources */,
				1F29BC961ACE25CA00D7F737 /* girl1_Animations.dae in Resources */,
				1F28477B1B1623BF00E0BB79 /* CH01_Model.dae in Resources */,
				1F17330A1B1BFB8300B4235E /* woman17_Animations.dae in Resources */,
				1F2847711B161B2D00E0BB79 /* CH08.jpg in Resources */,
				1F2847701B161B2D00E0BB79 /* CH08_gym.jpg in Resources */,
				1F2847961B1625BD00E0BB79 /* CH09_Model.dae in Resources */,
				1F29BC8C1ACE09FC00D7F737 /* girl1_Model.dae in Resources */,
				1F28476D1B161B2D00E0BB79 /* CH06.jpg in Resources */,
				1F1733081B1BFB8300B4235E /* girl3_Animations.dae in Resources */,
				1F28476B1B161B2D00E0BB79 /* CH05.jpg in Resources */,
				1F18E93C1AF3329E00944E9F /* boy5_Model.dae in Resources */,
				1F4EA57A1AC1FE890030008A /* Main.storyboard in Resources */,
				1F1732F61B1BFB5F00B4235E /* CGirl0001.tif in Resources */,
				1F2847861B1623D700E0BB79 /* CH03_Model.dae in Resources */,
				1F81122B1B02F79A00E94664 /* woman16_Model.dae in Resources */,
				1FAFAB5D1B2BD03B0067503D /* CH03_Animations.dae in Resources */,
				1F2847661B161B2D00E0BB79 /* CH03_gym.jpg in Resources */,
				1F2847951B1625BD00E0BB79 /* CH08_Model.dae in Resources */,
				1F28476F1B161B2D00E0BB79 /* CH07.jpg in Resources */,
				1F1732F41B1BFB5F00B4235E /* CBoy0004.tif in Resources */,
				1F1733041B1BFB8300B4235E /* boy3_Animations.dae in Resources */,
				1F2847751B161B2D00E0BB79 /* CH10.jpg in Resources */,
				1F2847971B1625BD00E0BB79 /* CH10_Model.dae in Resources */,
				1FAFAB691B2BEB470067503D /* CH10_Animations.dae in Resources */,
				1F2847671B161B2D00E0BB79 /* CH03.jpg in Resources */,
				1F2847641B161B2D00E0BB79 /* CH02_gym.jpg in Resources */,
				1FAFAB6B1B2BED630067503D /* CH06_Animations.dae in Resources */,
				1F1733031B1BFB8300B4235E /* boy2_Animations.dae in Resources */,
				1F81122A1B02F79A00E94664 /* girl3_Model.dae in Resources */,
				1F1732F81B1BFB5F00B4235E /* CGirl0003.tif in Resources */,
				1F2847881B1623D700E0BB79 /* CH05_Model.dae in Resources */,
				1F2847741B161B2D00E0BB79 /* CH10_gym.jpg in Resources */,
				1F2847851B1623D700E0BB79 /* CH02_Model.dae in Resources */,
			);
			runOnlyForDeploymentPostprocessing = 0;
		};
		1F4EA5821AC1FE890030008A /* Resources */ = {
			isa = PBXResourcesBuildPhase;
			buildActionMask = 2147483647;
			files = (
			);
			runOnlyForDeploymentPostprocessing = 0;
		};
/* End PBXResourcesBuildPhase section */

/* Begin PBXSourcesBuildPhase section */
		1F4EA5691AC1FE890030008A /* Sources */ = {
			isa = PBXSourcesBuildPhase;
			buildActionMask = 2147483647;
			files = (
				1F4EA5771AC1FE890030008A /* GameViewController.swift in Sources */,
				1F4EA5731AC1FE890030008A /* AppDelegate.swift in Sources */,
			);
			runOnlyForDeploymentPostprocessing = 0;
		};
		1F4EA5801AC1FE890030008A /* Sources */ = {
			isa = PBXSourcesBuildPhase;
			buildActionMask = 2147483647;
			files = (
				1F4EA58B1AC1FE8A0030008A /* ModelTestingTests.swift in Sources */,
			);
			runOnlyForDeploymentPostprocessing = 0;
		};
/* End PBXSourcesBuildPhase section */

/* Begin PBXTargetDependency section */
		1F4EA5861AC1FE890030008A /* PBXTargetDependency */ = {
			isa = PBXTargetDependency;
			target = 1F4EA56C1AC1FE890030008A /* ModelTesting */;
			targetProxy = 1F4EA5851AC1FE890030008A /* PBXContainerItemProxy */;
		};
/* End PBXTargetDependency section */

/* Begin PBXVariantGroup section */
		1F4EA5781AC1FE890030008A /* Main.storyboard */ = {
			isa = PBXVariantGroup;
			children = (
				1F4EA5791AC1FE890030008A /* Base */,
			);
			name = Main.storyboard;
			sourceTree = "<group>";
		};
/* End PBXVariantGroup section */

/* Begin XCBuildConfiguration section */
		1F4EA58C1AC1FE8A0030008A /* Debug */ = {
			isa = XCBuildConfiguration;
			buildSettings = {
				ALWAYS_SEARCH_USER_PATHS = NO;
				CLANG_CXX_LANGUAGE_STANDARD = "gnu++0x";
				CLANG_CXX_LIBRARY = "libc++";
				CLANG_ENABLE_MODULES = YES;
				CLANG_ENABLE_OBJC_ARC = YES;
				CLANG_WARN_BOOL_CONVERSION = YES;
				CLANG_WARN_CONSTANT_CONVERSION = YES;
				CLANG_WARN_DIRECT_OBJC_ISA_USAGE = YES_ERROR;
				CLANG_WARN_EMPTY_BODY = YES;
				CLANG_WARN_ENUM_CONVERSION = YES;
				CLANG_WARN_INT_CONVERSION = YES;
				CLANG_WARN_OBJC_ROOT_CLASS = YES_ERROR;
				CLANG_WARN_UNREACHABLE_CODE = YES;
				CLANG_WARN__DUPLICATE_METHOD_MATCH = YES;
				"CODE_SIGN_IDENTITY[sdk=iphoneos*]" = "iPhone Developer";
				COPY_PHASE_STRIP = NO;
				DEBUG_INFORMATION_FORMAT = "dwarf-with-dsym";
				ENABLE_STRICT_OBJC_MSGSEND = YES;
				GCC_C_LANGUAGE_STANDARD = gnu99;
				GCC_DYNAMIC_NO_PIC = NO;
				GCC_NO_COMMON_BLOCKS = YES;
				GCC_OPTIMIZATION_LEVEL = 0;
				GCC_PREPROCESSOR_DEFINITIONS = (
					"DEBUG=1",
					"$(inherited)",
				);
				GCC_SYMBOLS_PRIVATE_EXTERN = NO;
				GCC_WARN_64_TO_32_BIT_CONVERSION = YES;
				GCC_WARN_ABOUT_RETURN_TYPE = YES_ERROR;
				GCC_WARN_UNDECLARED_SELECTOR = YES;
				GCC_WARN_UNINITIALIZED_AUTOS = YES_AGGRESSIVE;
				GCC_WARN_UNUSED_FUNCTION = YES;
				GCC_WARN_UNUSED_VARIABLE = YES;
				IPHONEOS_DEPLOYMENT_TARGET = 8.3;
				MTL_ENABLE_DEBUG_INFO = YES;
				ONLY_ACTIVE_ARCH = YES;
				SDKROOT = iphoneos;
				SWIFT_OPTIMIZATION_LEVEL = "-Onone";
				TARGETED_DEVICE_FAMILY = "1,2";
			};
			name = Debug;
		};
		1F4EA58D1AC1FE8A0030008A /* Release */ = {
			isa = XCBuildConfiguration;
			buildSettings = {
				ALWAYS_SEARCH_USER_PATHS = NO;
				CLANG_CXX_LANGUAGE_STANDARD = "gnu++0x";
				CLANG_CXX_LIBRARY = "libc++";
				CLANG_ENABLE_MODULES = YES;
				CLANG_ENABLE_OBJC_ARC = YES;
				CLANG_WARN_BOOL_CONVERSION = YES;
				CLANG_WARN_CONSTANT_CONVERSION = YES;
				CLANG_WARN_DIRECT_OBJC_ISA_USAGE = YES_ERROR;
				CLANG_WARN_EMPTY_BODY = YES;
				CLANG_WARN_ENUM_CONVERSION = YES;
				CLANG_WARN_INT_CONVERSION = YES;
				CLANG_WARN_OBJC_ROOT_CLASS = YES_ERROR;
				CLANG_WARN_UNREACHABLE_CODE = YES;
				CLANG_WARN__DUPLICATE_METHOD_MATCH = YES;
				"CODE_SIGN_IDENTITY[sdk=iphoneos*]" = "iPhone Developer";
				COPY_PHASE_STRIP = NO;
				DEBUG_INFORMATION_FORMAT = "dwarf-with-dsym";
				ENABLE_NS_ASSERTIONS = NO;
				ENABLE_STRICT_OBJC_MSGSEND = YES;
				GCC_C_LANGUAGE_STANDARD = gnu99;
				GCC_NO_COMMON_BLOCKS = YES;
				GCC_WARN_64_TO_32_BIT_CONVERSION = YES;
				GCC_WARN_ABOUT_RETURN_TYPE = YES_ERROR;
				GCC_WARN_UNDECLARED_SELECTOR = YES;
				GCC_WARN_UNINITIALIZED_AUTOS = YES_AGGRESSIVE;
				GCC_WARN_UNUSED_FUNCTION = YES;
				GCC_WARN_UNUSED_VARIABLE = YES;
				IPHONEOS_DEPLOYMENT_TARGET = 8.3;
				MTL_ENABLE_DEBUG_INFO = NO;
				SDKROOT = iphoneos;
				TARGETED_DEVICE_FAMILY = "1,2";
				VALIDATE_PRODUCT = YES;
			};
			name = Release;
		};
		1F4EA58F1AC1FE8A0030008A /* Debug */ = {
			isa = XCBuildConfiguration;
			buildSettings = {
				ASSETCATALOG_COMPILER_APPICON_NAME = AppIcon;
				INFOPLIST_FILE = ModelTesting/Info.plist;
				LD_RUNPATH_SEARCH_PATHS = "$(inherited) @executable_path/Frameworks";
				PRODUCT_NAME = "$(TARGET_NAME)";
			};
			name = Debug;
		};
		1F4EA5901AC1FE8A0030008A /* Release */ = {
			isa = XCBuildConfiguration;
			buildSettings = {
				ASSETCATALOG_COMPILER_APPICON_NAME = AppIcon;
				INFOPLIST_FILE = ModelTesting/Info.plist;
				LD_RUNPATH_SEARCH_PATHS = "$(inherited) @executable_path/Frameworks";
				PRODUCT_NAME = "$(TARGET_NAME)";
			};
			name = Release;
		};
		1F4EA5921AC1FE8A0030008A /* Debug */ = {
			isa = XCBuildConfiguration;
			buildSettings = {
				BUNDLE_LOADER = "$(TEST_HOST)";
				FRAMEWORK_SEARCH_PATHS = (
					"$(SDKROOT)/Developer/Library/Frameworks",
					"$(inherited)",
				);
				GCC_PREPROCESSOR_DEFINITIONS = (
					"DEBUG=1",
					"$(inherited)",
				);
				INFOPLIST_FILE = ModelTestingTests/Info.plist;
				LD_RUNPATH_SEARCH_PATHS = "$(inherited) @executable_path/Frameworks @loader_path/Frameworks";
				PRODUCT_NAME = "$(TARGET_NAME)";
				TEST_HOST = "$(BUILT_PRODUCTS_DIR)/ModelTesting.app/ModelTesting";
			};
			name = Debug;
		};
		1F4EA5931AC1FE8A0030008A /* Release */ = {
			isa = XCBuildConfiguration;
			buildSettings = {
				BUNDLE_LOADER = "$(TEST_HOST)";
				FRAMEWORK_SEARCH_PATHS = (
					"$(SDKROOT)/Developer/Library/Frameworks",
					"$(inherited)",
				);
				INFOPLIST_FILE = ModelTestingTests/Info.plist;
				LD_RUNPATH_SEARCH_PATHS = "$(inherited) @executable_path/Frameworks @loader_path/Frameworks";
				PRODUCT_NAME = "$(TARGET_NAME)";
				TEST_HOST = "$(BUILT_PRODUCTS_DIR)/ModelTesting.app/ModelTesting";
			};
			name = Release;
		};
/* End XCBuildConfiguration section */

/* Begin XCConfigurationList section */
		1F4EA5681AC1FE890030008A /* Build configuration list for PBXProject "ModelTesting" */ = {
			isa = XCConfigurationList;
			buildConfigurations = (
				1F4EA58C1AC1FE8A0030008A /* Debug */,
				1F4EA58D1AC1FE8A0030008A /* Release */,
			);
			defaultConfigurationIsVisible = 0;
			defaultConfigurationName = Release;
		};
		1F4EA58E1AC1FE8A0030008A /* Build configuration list for PBXNativeTarget "ModelTesting" */ = {
			isa = XCConfigurationList;
			buildConfigurations = (
				1F4EA58F1AC1FE8A0030008A /* Debug */,
				1F4EA5901AC1FE8A0030008A /* Release */,
			);
			defaultConfigurationIsVisible = 0;
			defaultConfigurationName = Release;
		};
		1F4EA5911AC1FE8A0030008A /* Build configuration list for PBXNativeTarget "ModelTestingTests" */ = {
			isa = XCConfigurationList;
			buildConfigurations = (
				1F4EA5921AC1FE8A0030008A /* Debug */,
				1F4EA5931AC1FE8A0030008A /* Release */,
			);
			defaultConfigurationIsVisible = 0;
			defaultConfigurationName = Release;
		};
/* End XCConfigurationList section */
	};
	rootObject = 1F4EA5651AC1FE890030008A /* Project object */;
}
